
Microsoft Visual Studio Solution File, Format Version 12.00
# Visual Studio Version 17
VisualStudioVersion = 17.8.34525.116
MinimumVisualStudioVersion = 10.0.40219.1
Project("{FAE04EC0-301F-11D3-BF4B-00C04F79EFBC}") = "Autoparts", "Autoparts\Autoparts.csproj", "{D51BDAE2-83A7-49AD-A53E-54DAAFEC9DC5}"
EndProject
Global
	GlobalSection(SolutionConfigurationPlatforms) = preSolution
		Debug|Any CPU = Debug|Any CPU
		Release|Any CPU = Release|Any CPU
	EndGlobalSection
	GlobalSection(ProjectConfigurationPlatforms) = postSolution
		{D51BDAE2-83A7-49AD-A53E-54DAAFEC9DC5}.Debug|Any CPU.ActiveCfg = Debug|Any CPU
		{D51BDAE2-83A7-49AD-A53E-54DAAFEC9DC5}.Debug|Any CPU.Build.0 = Debug|Any CPU
		{D51BDAE2-83A7-49AD-A53E-54DAAFEC9DC5}.Release|Any CPU.ActiveCfg = Release|Any CPU
		{D51BDAE2-83A7-49AD-A53E-54DAAFEC9DC5}.Release|Any CPU.Build.0 = Release|Any CPU
	EndGlobalSection
	GlobalSection(SolutionProperties) = preSolution
		HideSolutionNode = FALSE
	EndGlobalSection
	GlobalSection(ExtensibilityGlobals) = postSolution
		SolutionGuid = {CE53B951-ABF4-44CE-B031-C9A400F8E310}
	EndGlobalSection
EndGlobal
